// !$*UTF8*$!
{
	archiveVersion = 1;
	classes = {
	};
	objectVersion = 50;
	objects = {

/* Begin PBXBuildFile section */
		2ED0AA2B2527B8F1004030AF /* AppDelegate.swift in Sources */ = {isa = PBXBuildFile; fileRef = 2ED0AA2A2527B8F1004030AF /* AppDelegate.swift */; };
		2ED0AA2D2527B8F1004030AF /* SceneDelegate.swift in Sources */ = {isa = PBXBuildFile; fileRef = 2ED0AA2C2527B8F1004030AF /* SceneDelegate.swift */; };
		2ED0AA2F2527B8F1004030AF /* ViewController.swift in Sources */ = {isa = PBXBuildFile; fileRef = 2ED0AA2E2527B8F1004030AF /* ViewController.swift */; };
		2ED0AA322527B8F1004030AF /* Main.storyboard in Resources */ = {isa = PBXBuildFile; fileRef = 2ED0AA302527B8F1004030AF /* Main.storyboard */; };
		2ED0AA342527B8F2004030AF /* Assets.xcassets in Resources */ = {isa = PBXBuildFile; fileRef = 2ED0AA332527B8F2004030AF /* Assets.xcassets */; };
		2ED0AA372527B8F2004030AF /* LaunchScreen.storyboard in Resources */ = {isa = PBXBuildFile; fileRef = 2ED0AA352527B8F2004030AF /* LaunchScreen.storyboard */; };
		2ED0AA422527B8F2004030AF /* SinglePhotoTests.swift in Sources */ = {isa = PBXBuildFile; fileRef = 2ED0AA412527B8F2004030AF /* SinglePhotoTests.swift */; };
		2ED0AA4D2527B8F2004030AF /* SinglePhotoUITests.swift in Sources */ = {isa = PBXBuildFile; fileRef = 2ED0AA4C2527B8F2004030AF /* SinglePhotoUITests.swift */; };
/* End PBXBuildFile section */

/* Begin PBXContainerItemProxy section */
		2ED0AA3E2527B8F2004030AF /* PBXContainerItemProxy */ = {
			isa = PBXContainerItemProxy;
			containerPortal = 2ED0AA1F2527B8F1004030AF /* Project object */;
			proxyType = 1;
			remoteGlobalIDString = 2ED0AA262527B8F1004030AF;
			remoteInfo = SinglePhoto;
		};
		2ED0AA492527B8F2004030AF /* PBXContainerItemProxy */ = {
			isa = PBXContainerItemProxy;
			containerPortal = 2ED0AA1F2527B8F1004030AF /* Project object */;
			proxyType = 1;
			remoteGlobalIDString = 2ED0AA262527B8F1004030AF;
			remoteInfo = SinglePhoto;
		};
/* End PBXContainerItemProxy section */

/* Begin PBXFileReference section */
		2ED0AA272527B8F1004030AF /* SinglePhoto.app */ = {isa = PBXFileReference; explicitFileType = wrapper.application; includeInIndex = 0; path = SinglePhoto.app; sourceTree = BUILT_PRODUCTS_DIR; };
		2ED0AA2A2527B8F1004030AF /* AppDelegate.swift */ = {isa = PBXFileReference; lastKnownFileType = sourcecode.swift; path = AppDelegate.swift; sourceTree = "<group>"; };
		2ED0AA2C2527B8F1004030AF /* SceneDelegate.swift */ = {isa = PBXFileReference; lastKnownFileType = sourcecode.swift; path = SceneDelegate.swift; sourceTree = "<group>"; };
		2ED0AA2E2527B8F1004030AF /* ViewController.swift */ = {isa = PBXFileReference; lastKnownFileType = sourcecode.swift; path = ViewController.swift; sourceTree = "<group>"; };
		2ED0AA312527B8F1004030AF /* Base */ = {isa = PBXFileReference; lastKnownFileType = file.storyboard; name = Base; path = Base.lproj/Main.storyboard; sourceTree = "<group>"; };
		2ED0AA332527B8F2004030AF /* Assets.xcassets */ = {isa = PBXFileReference; lastKnownFileType = folder.assetcatalog; path = Assets.xcassets; sourceTree = "<group>"; };
		2ED0AA362527B8F2004030AF /* Base */ = {isa = PBXFileReference; lastKnownFileType = file.storyboard; name = Base; path = Base.lproj/LaunchScreen.storyboard; sourceTree = "<group>"; };
		2ED0AA382527B8F2004030AF /* Info.plist */ = {isa = PBXFileReference; lastKnownFileType = text.plist.xml; path = Info.plist; sourceTree = "<group>"; };
		2ED0AA3D2527B8F2004030AF /* SinglePhotoTests.xctest */ = {isa = PBXFileReference; explicitFileType = wrapper.cfbundle; includeInIndex = 0; path = SinglePhotoTests.xctest; sourceTree = BUILT_PRODUCTS_DIR; };
		2ED0AA412527B8F2004030AF /* SinglePhotoTests.swift */ = {isa = PBXFileReference; lastKnownFileType = sourcecode.swift; path = SinglePhotoTests.swift; sourceTree = "<group>"; };
		2ED0AA432527B8F2004030AF /* Info.plist */ = {isa = PBXFileReference; lastKnownFileType = text.plist.xml; path = Info.plist; sourceTree = "<group>"; };
		2ED0AA482527B8F2004030AF /* SinglePhotoUITests.xctest */ = {isa = PBXFileReference; explicitFileType = wrapper.cfbundle; includeInIndex = 0; path = SinglePhotoUITests.xctest; sourceTree = BUILT_PRODUCTS_DIR; };
		2ED0AA4C2527B8F2004030AF /* SinglePhotoUITests.swift */ = {isa = PBXFileReference; lastKnownFileType = sourcecode.swift; path = SinglePhotoUITests.swift; sourceTree = "<group>"; };
		2ED0AA4E2527B8F2004030AF /* Info.plist */ = {isa = PBXFileReference; lastKnownFileType = text.plist.xml; path = Info.plist; sourceTree = "<group>"; };
/* End PBXFileReference section */

/* Begin PBXFrameworksBuildPhase section */
		2ED0AA242527B8F1004030AF /* Frameworks */ = {
			isa = PBXFrameworksBuildPhase;
			buildActionMask = 2147483647;
			files = (
			);
			runOnlyForDeploymentPostprocessing = 0;
		};
		2ED0AA3A2527B8F2004030AF /* Frameworks */ = {
			isa = PBXFrameworksBuildPhase;
			buildActionMask = 2147483647;
			files = (
			);
			runOnlyForDeploymentPostprocessing = 0;
		};
		2ED0AA452527B8F2004030AF /* Frameworks */ = {
			isa = PBXFrameworksBuildPhase;
			buildActionMask = 2147483647;
			files = (
			);
			runOnlyForDeploymentPostprocessing = 0;
		};
/* End PBXFrameworksBuildPhase section */

/* Begin PBXGroup section */
		2ED0AA1E2527B8F1004030AF = {
			isa = PBXGroup;
			children = (
				2ED0AA292527B8F1004030AF /* SinglePhoto */,
				2ED0AA402527B8F2004030AF /* SinglePhotoTests */,
				2ED0AA4B2527B8F2004030AF /* SinglePhotoUITests */,
				2ED0AA282527B8F1004030AF /* Products */,
			);
			sourceTree = "<group>";
		};
		2ED0AA282527B8F1004030AF /* Products */ = {
			isa = PBXGroup;
			children = (
				2ED0AA272527B8F1004030AF /* SinglePhoto.app */,
				2ED0AA3D2527B8F2004030AF /* SinglePhotoTests.xctest */,
				2ED0AA482527B8F2004030AF /* SinglePhotoUITests.xctest */,
			);
			name = Products;
			sourceTree = "<group>";
		};
		2ED0AA292527B8F1004030AF /* SinglePhoto */ = {
			isa = PBXGroup;
			children = (
				2ED0AA2A2527B8F1004030AF /* AppDelegate.swift */,
				2ED0AA2C2527B8F1004030AF /* SceneDelegate.swift */,
				2ED0AA2E2527B8F1004030AF /* ViewController.swift */,
				2ED0AA302527B8F1004030AF /* Main.storyboard */,
				2ED0AA332527B8F2004030AF /* Assets.xcassets */,
				2ED0AA352527B8F2004030AF /* LaunchScreen.storyboard */,
				2ED0AA382527B8F2004030AF /* Info.plist */,
			);
			path = SinglePhoto;
			sourceTree = "<group>";
		};
		2ED0AA402527B8F2004030AF /* SinglePhotoTests */ = {
			isa = PBXGroup;
			children = (
				2ED0AA412527B8F2004030AF /* SinglePhotoTests.swift */,
				2ED0AA432527B8F2004030AF /* Info.plist */,
			);
			path = SinglePhotoTests;
			sourceTree = "<group>";
		};
		2ED0AA4B2527B8F2004030AF /* SinglePhotoUITests */ = {
			isa = PBXGroup;
			children = (
				2ED0AA4C2527B8F2004030AF /* SinglePhotoUITests.swift */,
				2ED0AA4E2527B8F2004030AF /* Info.plist */,
			);
			path = SinglePhotoUITests;
			sourceTree = "<group>";
		};
/* End PBXGroup section */

/* Begin PBXNativeTarget section */
		2ED0AA262527B8F1004030AF /* SinglePhoto */ = {
			isa = PBXNativeTarget;
			buildConfigurationList = 2ED0AA512527B8F2004030AF /* Build configuration list for PBXNativeTarget "SinglePhoto" */;
			buildPhases = (
				2ED0AA232527B8F1004030AF /* Sources */,
				2ED0AA242527B8F1004030AF /* Frameworks */,
				2ED0AA252527B8F1004030AF /* Resources */,
			);
			buildRules = (
			);
			dependencies = (
			);
			name = SinglePhoto;
			productName = SinglePhoto;
			productReference = 2ED0AA272527B8F1004030AF /* SinglePhoto.app */;
			productType = "com.apple.product-type.application";
		};
		2ED0AA3C2527B8F2004030AF /* SinglePhotoTests */ = {
			isa = PBXNativeTarget;
			buildConfigurationList = 2ED0AA542527B8F2004030AF /* Build configuration list for PBXNativeTarget "SinglePhotoTests" */;
			buildPhases = (
				2ED0AA392527B8F2004030AF /* Sources */,
				2ED0AA3A2527B8F2004030AF /* Frameworks */,
				2ED0AA3B2527B8F2004030AF /* Resources */,
			);
			buildRules = (
			);
			dependencies = (
				2ED0AA3F2527B8F2004030AF /* PBXTargetDependency */,
			);
			name = SinglePhotoTests;
			productName = SinglePhotoTests;
			productReference = 2ED0AA3D2527B8F2004030AF /* SinglePhotoTests.xctest */;
			productType = "com.apple.product-type.bundle.unit-test";
		};
		2ED0AA472527B8F2004030AF /* SinglePhotoUITests */ = {
			isa = PBXNativeTarget;
			buildConfigurationList = 2ED0AA572527B8F2004030AF /* Build configuration list for PBXNativeTarget "SinglePhotoUITests" */;
			buildPhases = (
				2ED0AA442527B8F2004030AF /* Sources */,
				2ED0AA452527B8F2004030AF /* Frameworks */,
				2ED0AA462527B8F2004030AF /* Resources */,
			);
			buildRules = (
			);
			dependencies = (
				2ED0AA4A2527B8F2004030AF /* PBXTargetDependency */,
			);
			name = SinglePhotoUITests;
			productName = SinglePhotoUITests;
			productReference = 2ED0AA482527B8F2004030AF /* SinglePhotoUITests.xctest */;
			productType = "com.apple.product-type.bundle.ui-testing";
		};
/* End PBXNativeTarget section */

/* Begin PBXProject section */
		2ED0AA1F2527B8F1004030AF /* Project object */ = {
			isa = PBXProject;
			attributes = {
				LastSwiftUpdateCheck = 1160;
				LastUpgradeCheck = 1160;
				ORGANIZATIONNAME = "Zoe Ng";
				TargetAttributes = {
					2ED0AA262527B8F1004030AF = {
						CreatedOnToolsVersion = 11.6;
					};
					2ED0AA3C2527B8F2004030AF = {
						CreatedOnToolsVersion = 11.6;
						TestTargetID = 2ED0AA262527B8F1004030AF;
					};
					2ED0AA472527B8F2004030AF = {
						CreatedOnToolsVersion = 11.6;
						TestTargetID = 2ED0AA262527B8F1004030AF;
					};
				};
			};
			buildConfigurationList = 2ED0AA222527B8F1004030AF /* Build configuration list for PBXProject "SinglePhoto" */;
			compatibilityVersion = "Xcode 9.3";
			developmentRegion = en;
			hasScannedForEncodings = 0;
			knownRegions = (
				en,
				Base,
			);
			mainGroup = 2ED0AA1E2527B8F1004030AF;
			productRefGroup = 2ED0AA282527B8F1004030AF /* Products */;
			projectDirPath = "";
			projectRoot = "";
			targets = (
				2ED0AA262527B8F1004030AF /* SinglePhoto */,
				2ED0AA3C2527B8F2004030AF /* SinglePhotoTests */,
				2ED0AA472527B8F2004030AF /* SinglePhotoUITests */,
			);
		};
/* End PBXProject section */

/* Begin PBXResourcesBuildPhase section */
		2ED0AA252527B8F1004030AF /* Resources */ = {
			isa = PBXResourcesBuildPhase;
			buildActionMask = 2147483647;
			files = (
				2ED0AA372527B8F2004030AF /* LaunchScreen.storyboard in Resources */,
				2ED0AA342527B8F2004030AF /* Assets.xcassets in Resources */,
				2ED0AA322527B8F1004030AF /* Main.storyboard in Resources */,
			);
			runOnlyForDeploymentPostprocessing = 0;
		};
		2ED0AA3B2527B8F2004030AF /* Resources */ = {
			isa = PBXResourcesBuildPhase;
			buildActionMask = 2147483647;
			files = (
			);
			runOnlyForDeploymentPostprocessing = 0;
		};
		2ED0AA462527B8F2004030AF /* Resources */ = {
			isa = PBXResourcesBuildPhase;
			buildActionMask = 2147483647;
			files = (
			);
			runOnlyForDeploymentPostprocessing = 0;
		};
/* End PBXResourcesBuildPhase section */

/* Begin PBXSourcesBuildPhase section */
		2ED0AA232527B8F1004030AF /* Sources */ = {
			isa = PBXSourcesBuildPhase;
			buildActionMask = 2147483647;
			files = (
				2ED0AA2F2527B8F1004030AF /* ViewController.swift in Sources */,
				2ED0AA2B2527B8F1004030AF /* AppDelegate.swift in Sources */,
				2ED0AA2D2527B8F1004030AF /* SceneDelegate.swift in Sources */,
			);
			runOnlyForDeploymentPostprocessing = 0;
		};
		2ED0AA392527B8F2004030AF /* Sources */ = {
			isa = PBXSourcesBuildPhase;
			buildActionMask = 2147483647;
			files = (
				2ED0AA422527B8F2004030AF /* SinglePhotoTests.swift in Sources */,
			);
			runOnlyForDeploymentPostprocessing = 0;
		};
		2ED0AA442527B8F2004030AF /* Sources */ = {
			isa = PBXSourcesBuildPhase;
			buildActionMask = 2147483647;
			files = (
				2ED0AA4D2527B8F2004030AF /* SinglePhotoUITests.swift in Sources */,
			);
			runOnlyForDeploymentPostprocessing = 0;
		};
/* End PBXSourcesBuildPhase section */

/* Begin PBXTargetDependency section */
		2ED0AA3F2527B8F2004030AF /* PBXTargetDependency */ = {
			isa = PBXTargetDependency;
			target = 2ED0AA262527B8F1004030AF /* SinglePhoto */;
			targetProxy = 2ED0AA3E2527B8F2004030AF /* PBXContainerItemProxy */;
		};
		2ED0AA4A2527B8F2004030AF /* PBXTargetDependency */ = {
			isa = PBXTargetDependency;
			target = 2ED0AA262527B8F1004030AF /* SinglePhoto */;
			targetProxy = 2ED0AA492527B8F2004030AF /* PBXContainerItemProxy */;
		};
/* End PBXTargetDependency section */

/* Begin PBXVariantGroup section */
		2ED0AA302527B8F1004030AF /* Main.storyboard */ = {
			isa = PBXVariantGroup;
			children = (
				2ED0AA312527B8F1004030AF /* Base */,
			);
			name = Main.storyboard;
			sourceTree = "<group>";
		};
		2ED0AA352527B8F2004030AF /* LaunchScreen.storyboard */ = {
			isa = PBXVariantGroup;
			children = (
				2ED0AA362527B8F2004030AF /* Base */,
			);
			name = LaunchScreen.storyboard;
			sourceTree = "<group>";
		};
/* End PBXVariantGroup section */

/* Begin XCBuildConfiguration section */
		2ED0AA4F2527B8F2004030AF /* Debug */ = {
			isa = XCBuildConfiguration;
			buildSettings = {
				ALWAYS_SEARCH_USER_PATHS = NO;
				CLANG_ANALYZER_NONNULL = YES;
				CLANG_ANALYZER_NUMBER_OBJECT_CONVERSION = YES_AGGRESSIVE;
				CLANG_CXX_LANGUAGE_STANDARD = "gnu++14";
				CLANG_CXX_LIBRARY = "libc++";
				CLANG_ENABLE_MODULES = YES;
				CLANG_ENABLE_OBJC_ARC = YES;
				CLANG_ENABLE_OBJC_WEAK = YES;
				CLANG_WARN_BLOCK_CAPTURE_AUTORELEASING = YES;
				CLANG_WARN_BOOL_CONVERSION = YES;
				CLANG_WARN_COMMA = YES;
				CLANG_WARN_CONSTANT_CONVERSION = YES;
				CLANG_WARN_DEPRECATED_OBJC_IMPLEMENTATIONS = YES;
				CLANG_WARN_DIRECT_OBJC_ISA_USAGE = YES_ERROR;
				CLANG_WARN_DOCUMENTATION_COMMENTS = YES;
				CLANG_WARN_EMPTY_BODY = YES;
				CLANG_WARN_ENUM_CONVERSION = YES;
				CLANG_WARN_INFINITE_RECURSION = YES;
				CLANG_WARN_INT_CONVERSION = YES;
				CLANG_WARN_NON_LITERAL_NULL_CONVERSION = YES;
				CLANG_WARN_OBJC_IMPLICIT_RETAIN_SELF = YES;
				CLANG_WARN_OBJC_LITERAL_CONVERSION = YES;
				CLANG_WARN_OBJC_ROOT_CLASS = YES_ERROR;
				CLANG_WARN_RANGE_LOOP_ANALYSIS = YES;
				CLANG_WARN_STRICT_PROTOTYPES = YES;
				CLANG_WARN_SUSPICIOUS_MOVE = YES;
				CLANG_WARN_UNGUARDED_AVAILABILITY = YES_AGGRESSIVE;
				CLANG_WARN_UNREACHABLE_CODE = YES;
				CLANG_WARN__DUPLICATE_METHOD_MATCH = YES;
				COPY_PHASE_STRIP = NO;
				DEBUG_INFORMATION_FORMAT = dwarf;
				ENABLE_STRICT_OBJC_MSGSEND = YES;
				ENABLE_TESTABILITY = YES;
				GCC_C_LANGUAGE_STANDARD = gnu11;
				GCC_DYNAMIC_NO_PIC = NO;
				GCC_NO_COMMON_BLOCKS = YES;
				GCC_OPTIMIZATION_LEVEL = 0;
				GCC_PREPROCESSOR_DEFINITIONS = (
					"DEBUG=1",
					"$(inherited)",
				);
				GCC_WARN_64_TO_32_BIT_CONVERSION = YES;
				GCC_WARN_ABOUT_RETURN_TYPE = YES_ERROR;
				GCC_WARN_UNDECLARED_SELECTOR = YES;
				GCC_WARN_UNINITIALIZED_AUTOS = YES_AGGRESSIVE;
				GCC_WARN_UNUSED_FUNCTION = YES;
				GCC_WARN_UNUSED_VARIABLE = YES;
				IPHONEOS_DEPLOYMENT_TARGET = 13.6;
				MTL_ENABLE_DEBUG_INFO = INCLUDE_SOURCE;
				MTL_FAST_MATH = YES;
				ONLY_ACTIVE_ARCH = YES;
				SDKROOT = iphoneos;
				SWIFT_ACTIVE_COMPILATION_CONDITIONS = DEBUG;
				SWIFT_OPTIMIZATION_LEVEL = "-Onone";
			};
			name = Debug;
		};
		2ED0AA502527B8F2004030AF /* Release */ = {
			isa = XCBuildConfiguration;
			buildSettings = {
				ALWAYS_SEARCH_USER_PATHS = NO;
				CLANG_ANALYZER_NONNULL = YES;
				CLANG_ANALYZER_NUMBER_OBJECT_CONVERSION = YES_AGGRESSIVE;
				CLANG_CXX_LANGUAGE_STANDARD = "gnu++14";
				CLANG_CXX_LIBRARY = "libc++";
				CLANG_ENABLE_MODULES = YES;
				CLANG_ENABLE_OBJC_ARC = YES;
				CLANG_ENABLE_OBJC_WEAK = YES;
				CLANG_WARN_BLOCK_CAPTURE_AUTORELEASING = YES;
				CLANG_WARN_BOOL_CONVERSION = YES;
				CLANG_WARN_COMMA = YES;
				CLANG_WARN_CONSTANT_CONVERSION = YES;
				CLANG_WARN_DEPRECATED_OBJC_IMPLEMENTATIONS = YES;
				CLANG_WARN_DIRECT_OBJC_ISA_USAGE = YES_ERROR;
				CLANG_WARN_DOCUMENTATION_COMMENTS = YES;
				CLANG_WARN_EMPTY_BODY = YES;
				CLANG_WARN_ENUM_CONVERSION = YES;
				CLANG_WARN_INFINITE_RECURSION = YES;
				CLANG_WARN_INT_CONVERSION = YES;
				CLANG_WARN_NON_LITERAL_NULL_CONVERSION = YES;
				CLANG_WARN_OBJC_IMPLICIT_RETAIN_SELF = YES;
				CLANG_WARN_OBJC_LITERAL_CONVERSION = YES;
				CLANG_WARN_OBJC_ROOT_CLASS = YES_ERROR;
				CLANG_WARN_RANGE_LOOP_ANALYSIS = YES;
				CLANG_WARN_STRICT_PROTOTYPES = YES;
				CLANG_WARN_SUSPICIOUS_MOVE = YES;
				CLANG_WARN_UNGUARDED_AVAILABILITY = YES_AGGRESSIVE;
				CLANG_WARN_UNREACHABLE_CODE = YES;
				CLANG_WARN__DUPLICATE_METHOD_MATCH = YES;
				COPY_PHASE_STRIP = NO;
				DEBUG_INFORMATION_FORMAT = "dwarf-with-dsym";
				ENABLE_NS_ASSERTIONS = NO;
				ENABLE_STRICT_OBJC_MSGSEND = YES;
				GCC_C_LANGUAGE_STANDARD = gnu11;
				GCC_NO_COMMON_BLOCKS = YES;
				GCC_WARN_64_TO_32_BIT_CONVERSION = YES;
				GCC_WARN_ABOUT_RETURN_TYPE = YES_ERROR;
				GCC_WARN_UNDECLARED_SELECTOR = YES;
				GCC_WARN_UNINITIALIZED_AUTOS = YES_AGGRESSIVE;
				GCC_WARN_UNUSED_FUNCTION = YES;
				GCC_WARN_UNUSED_VARIABLE = YES;
				IPHONEOS_DEPLOYMENT_TARGET = 13.6;
				MTL_ENABLE_DEBUG_INFO = NO;
				MTL_FAST_MATH = YES;
				SDKROOT = iphoneos;
				SWIFT_COMPILATION_MODE = wholemodule;
				SWIFT_OPTIMIZATION_LEVEL = "-O";
				VALIDATE_PRODUCT = YES;
			};
			name = Release;
		};
		2ED0AA522527B8F2004030AF /* Debug */ = {
			isa = XCBuildConfiguration;
			buildSettings = {
				ASSETCATALOG_COMPILER_APPICON_NAME = AppIcon;
				CODE_SIGN_STYLE = Automatic;
				INFOPLIST_FILE = SinglePhoto/Info.plist;
				LD_RUNPATH_SEARCH_PATHS = (
					"$(inherited)",
					"@executable_path/Frameworks",
				);
				PRODUCT_BUNDLE_IDENTIFIER = org.SinglePhoto;
				PRODUCT_NAME = "$(TARGET_NAME)";
				SWIFT_VERSION = 5.0;
				TARGETED_DEVICE_FAMILY = "1,2";
			};
			name = Debug;
		};
		2ED0AA532527B8F2004030AF /* Release */ = {
			isa = XCBuildConfiguration;
			buildSettings = {
				ASSETCATALOG_COMPILER_APPICON_NAME = AppIcon;
				CODE_SIGN_STYLE = Automatic;
				INFOPLIST_FILE = SinglePhoto/Info.plist;
				LD_RUNPATH_SEARCH_PATHS = (
					"$(inherited)",
					"@executable_path/Frameworks",
				);
				PRODUCT_BUNDLE_IDENTIFIER = org.SinglePhoto;
				PRODUCT_NAME = "$(TARGET_NAME)";
				SWIFT_VERSION = 5.0;
				TARGETED_DEVICE_FAMILY = "1,2";
			};
			name = Release;
		};
		2ED0AA552527B8F2004030AF /* Debug */ = {
			isa = XCBuildConfiguration;
			buildSettings = {
				ALWAYS_EMBED_SWIFT_STANDARD_LIBRARIES = YES;
				BUNDLE_LOADER = "$(TEST_HOST)";
				CODE_SIGN_STYLE = Automatic;
				INFOPLIST_FILE = SinglePhotoTests/Info.plist;
				IPHONEOS_DEPLOYMENT_TARGET = 13.6;
				LD_RUNPATH_SEARCH_PATHS = (
					"$(inherited)",
					"@executable_path/Frameworks",
					"@loader_path/Frameworks",
				);
				PRODUCT_BUNDLE_IDENTIFIER = org.SinglePhotoTests;
				PRODUCT_NAME = "$(TARGET_NAME)";
				SWIFT_VERSION = 5.0;
				TARGETED_DEVICE_FAMILY = "1,2";
				TEST_HOST = "$(BUILT_PRODUCTS_DIR)/SinglePhoto.app/SinglePhoto";
			};
			name = Debug;
		};
		2ED0AA562527B8F2004030AF /* Release */ = {
			isa = XCBuildConfiguration;
			buildSettings = {
				ALWAYS_EMBED_SWIFT_STANDARD_LIBRARIES = YES;
				BUNDLE_LOADER = "$(TEST_HOST)";
				CODE_SIGN_STYLE = Automatic;
				INFOPLIST_FILE = SinglePhotoTests/Info.plist;
				IPHONEOS_DEPLOYMENT_TARGET = 13.6;
				LD_RUNPATH_SEARCH_PATHS = (
					"$(inherited)",
					"@executable_path/Frameworks",
					"@loader_path/Frameworks",
				);
				PRODUCT_BUNDLE_IDENTIFIER = org.SinglePhotoTests;
				PRODUCT_NAME = "$(TARGET_NAME)";
				SWIFT_VERSION = 5.0;
				TARGETED_DEVICE_FAMILY = "1,2";
				TEST_HOST = "$(BUILT_PRODUCTS_DIR)/SinglePhoto.app/SinglePhoto";
			};
			name = Release;
		};
		2ED0AA582527B8F2004030AF /* Debug */ = {
			isa = XCBuildConfiguration;
			buildSettings = {
				ALWAYS_EMBED_SWIFT_STANDARD_LIBRARIES = YES;
				CODE_SIGN_STYLE = Automatic;
				INFOPLIST_FILE = SinglePhotoUITests/Info.plist;
				LD_RUNPATH_SEARCH_PATHS = (
					"$(inherited)",
					"@executable_path/Frameworks",
					"@loader_path/Frameworks",
				);
				PRODUCT_BUNDLE_IDENTIFIER = org.SinglePhotoUITests;
				PRODUCT_NAME = "$(TARGET_NAME)";
				SWIFT_VERSION = 5.0;
				TARGETED_DEVICE_FAMILY = "1,2";
				TEST_TARGET_NAME = SinglePhoto;
			};
			name = Debug;
		};
		2ED0AA592527B8F2004030AF /* Release */ = {
			isa = XCBuildConfiguration;
			buildSettings = {
				ALWAYS_EMBED_SWIFT_STANDARD_LIBRARIES = YES;
				CODE_SIGN_STYLE = Automatic;
				INFOPLIST_FILE = SinglePhotoUITests/Info.plist;
				LD_RUNPATH_SEARCH_PATHS = (
					"$(inherited)",
					"@executable_path/Frameworks",
					"@loader_path/Frameworks",
				);
				PRODUCT_BUNDLE_IDENTIFIER = org.SinglePhotoUITests;
				PRODUCT_NAME = "$(TARGET_NAME)";
				SWIFT_VERSION = 5.0;
				TARGETED_DEVICE_FAMILY = "1,2";
				TEST_TARGET_NAME = SinglePhoto;
			};
			name = Release;
		};
/* End XCBuildConfiguration section */

/* Begin XCConfigurationList section */
		2ED0AA222527B8F1004030AF /* Build configuration list for PBXProject "SinglePhoto" */ = {
			isa = XCConfigurationList;
			buildConfigurations = (
				2ED0AA4F2527B8F2004030AF /* Debug */,
				2ED0AA502527B8F2004030AF /* Release */,
			);
			defaultConfigurationIsVisible = 0;
			defaultConfigurationName = Release;
		};
		2ED0AA512527B8F2004030AF /* Build configuration list for PBXNativeTarget "SinglePhoto" */ = {
			isa = XCConfigurationList;
			buildConfigurations = (
				2ED0AA522527B8F2004030AF /* Debug */,
				2ED0AA532527B8F2004030AF /* Release */,
			);
			defaultConfigurationIsVisible = 0;
			defaultConfigurationName = Release;
		};
		2ED0AA542527B8F2004030AF /* Build configuration list for PBXNativeTarget "SinglePhotoTests" */ = {
			isa = XCConfigurationList;
			buildConfigurations = (
				2ED0AA552527B8F2004030AF /* Debug */,
				2ED0AA562527B8F2004030AF /* Release */,
			);
			defaultConfigurationIsVisible = 0;
			defaultConfigurationName = Release;
		};
		2ED0AA572527B8F2004030AF /* Build configuration list for PBXNativeTarget "SinglePhotoUITests" */ = {
			isa = XCConfigurationList;
			buildConfigurations = (
				2ED0AA582527B8F2004030AF /* Debug */,
				2ED0AA592527B8F2004030AF /* Release */,
			);
			defaultConfigurationIsVisible = 0;
			defaultConfigurationName = Release;
		};
/* End XCConfigurationList section */
	};
	rootObject = 2ED0AA1F2527B8F1004030AF /* Project object */;
}
